# Resolved connector dependencies for Python 3.12.
annotated-types==0.8.0
anyio==4.15.1
attrs==26.1.0
beautifulsoup4==4.15.0
certifi==2026.7.22
cffi==2.1.1
charset-normalizer==3.5.1
click==8.5.0
cryptography==50.0.1
deprecation==2.1.0
h11==0.16.0
h2==4.4.1
hpack==4.2.0
httpcore==1.0.9
httpx==0.28.1
httpx-sse==0.4.3
hyperframe==6.1.0
idna==3.20
jsonschema==4.26.0
jsonschema-specifications==2025.9.1
lxml==6.1.1
mcp==1.30.0
multidict==7.0.0
packaging==26.3
postgrest==2.31.0
propcache==0.5.4
pycparser==3.0
pydantic==2.13.5
pydantic-settings==2.15.0
pydantic_core==2.46.5
PyJWT==2.15.1
python-docx==1.2.0
python-dotenv==1.2.3
python-multipart==0.0.32
realtime==2.31.0
referencing==0.37.0
requests==2.34.2
rpds-py==2026.6.3
soupsieve==2.10
sse-starlette==3.5.0
starlette==1.7.0
storage3==2.31.0
StrEnum==0.4.15
supabase==2.31.0
supabase-auth==2.31.0
supabase-functions==2.31.0
typing-inspection==0.4.4
typing_extensions==4.16.0
urllib3==2.8.0
uvicorn==0.54.0
websockets==15.0.1
yarl==1.25.1
